# THIS IS AN AUTOGENERATED FILE. DO NOT EDIT THIS FILE DIRECTLY.
# yarn lockfile v1


"@types/node@*":
  version "12.0.1"
  resolved "https://registry.npmjs.org/@types/node/-/node-12.0.1.tgz#3dde31f8da274dfeb90e96abf55038fef46285f0"
  integrity sha512-7sy7DKVJrCTbaAERJZq/CU12bzdmpjRr321/Ne9QmzhB3iZ//L16Cizcni5hHNbANxDbxwMb9EFoWkM8KPkp0A==

"@types/nodemailer@^4.6.8":
  version "4.6.8"
  resolved "https://registry.npmjs.org/@types/nodemailer/-/nodemailer-4.6.8.tgz#c14356e799fe1d4ee566126f901bc6031cc7b1b5"
  integrity sha512-IX1P3bxDP1VIdZf6/kIWYNmSejkYm9MOyMEtoDFi4DVzKjJ3kY4GhOcOAKs6lZRjqVVmF9UjPOZXuQczlpZThw==
  dependencies:
    "@types/node" "*"

nodemailer@^6.1.1:
  version "6.1.1"
  resolved "https://registry.npmjs.org/nodemailer/-/nodemailer-6.1.1.tgz#09e88ef4b3646f01089c5d84d007b872141fb575"
  integrity sha512-/x5MRIh56VyuuhLfcz+DL2SlBARpZpgQIf2A4Ao4hMb69MHSgDIMPwYmFwesGT1lkRDZ0eBSoym5+JoIZ3N+cQ==
